
Microsoft Visual Studio Solution File, Format Version 12.00
# Visual Studio Version 17
VisualStudioVersion = 17.0.31903.59
MinimumVisualStudioVersion = 10.0.40219.1
Project("{2150E333-8FDC-42A3-9474-1A3956D46DE8}") = "NotificationService", "NotificationService", "{0BAE62A9-2200-0262-2CB5-8EE825167370}"
EndProject
Project("{FAE04EC0-301F-11D3-BF4B-00C04F79EFBC}") = "NotificationService", "NotificationService\NotificationService\NotificationService.csproj", "{CAF74B9C-F5E1-42A7-93D3-3B544D95D05F}"
EndProject
Project("{FAE04EC0-301F-11D3-BF4B-00C04F79EFBC}") = "Shared.Messages", "Shared.Messages\Shared.Messages.csproj", "{70E95F50-A64B-4AE4-91DE-3DC62BD94864}"
EndProject
Project("{2150E333-8FDC-42A3-9474-1A3956D46DE8}") = "ShoppingCartService", "ShoppingCartService", "{5EE6A34B-ABCE-F053-FF93-EF8CEAB363F7}"
EndProject
Project("{FAE04EC0-301F-11D3-BF4B-00C04F79EFBC}") = "ShoppingCartService", "ShoppingCartService\ShoppingCartService\ShoppingCartService.csproj", "{A88B8F6A-B093-45D1-BBC7-B8EE705990DB}"
EndProject
Project("{2150E333-8FDC-42A3-9474-1A3956D46DE8}") = "ProductCatalogService", "ProductCatalogService", "{6EC19D42-30DF-BF42-4A6B-7798F4C410A0}"
EndProject
Project("{2150E333-8FDC-42A3-9474-1A3956D46DE8}") = "OrderService", "OrderService", "{1CDB8257-D98E-AF38-204D-5645D4EEB404}"
EndProject
Project("{FAE04EC0-301F-11D3-BF4B-00C04F79EFBC}") = "OrderService", "OrderService\OrderService\OrderService.csproj", "{7C1D23CC-2542-41D5-B8AA-9519DF1EDF1E}"
EndProject
Project("{2150E333-8FDC-42A3-9474-1A3956D46DE8}") = "PaymentService", "PaymentService", "{BB3827F1-F3A2-E5D7-C0A8-E90CBCD5CE04}"
EndProject
Project("{FAE04EC0-301F-11D3-BF4B-00C04F79EFBC}") = "PaymentService", "PaymentService\PaymentService\PaymentService.csproj", "{72B6E6F2-C104-41CE-814B-A7547CFD32F4}"
EndProject
Project("{2150E333-8FDC-42A3-9474-1A3956D46DE8}") = "UserService", "UserService", "{C0127DB6-3CA8-EE98-7726-A4993E48C5D4}"
EndProject
Project("{FAE04EC0-301F-11D3-BF4B-00C04F79EFBC}") = "UserService", "UserService\UserService\UserService.csproj", "{7B18FB6F-0D96-4B9B-9044-3E8749A7F3C5}"
EndProject
Project("{2150E333-8FDC-42A3-9474-1A3956D46DE8}") = "ApiGateway", "ApiGateway", "{25D181DD-5CC9-F0B3-C64F-91E1AA77FD70}"
EndProject
Project("{FAE04EC0-301F-11D3-BF4B-00C04F79EFBC}") = "ApiGateway", "ApiGateway\ApiGateway\ApiGateway.csproj", "{B019B64B-E004-420C-A6A0-8E59ED8D2A4C}"
EndProject
Project("{FAE04EC0-301F-11D3-BF4B-00C04F79EFBC}") = "ProductCatalogService.Domain", "ProductCatalogService\ProductCatalogService.Domain\ProductCatalogService.Domain.csproj", "{621EAC92-DEAD-4418-B5C0-B2A12C3C4D59}"
EndProject
Project("{FAE04EC0-301F-11D3-BF4B-00C04F79EFBC}") = "ProductCatalogService.Application", "ProductCatalogService\ProductCatalogService.Application\ProductCatalogService.Application.csproj", "{9813ECDA-801A-426E-B915-70621199A34B}"
EndProject
Project("{FAE04EC0-301F-11D3-BF4B-00C04F79EFBC}") = "ProductCatalogService.Infrastructure", "ProductCatalogService\ProductCatalogService.Infrastructure\ProductCatalogService.Infrastructure.csproj", "{A0071D64-A4C7-456B-A0C4-B5B39A8ED6EA}"
EndProject
Project("{2150E333-8FDC-42A3-9474-1A3956D46DE8}") = "ProductCatalogService.API", "ProductCatalogService.API", "{2A49296E-8BA9-8E5C-E8DC-8659A062E98C}"
EndProject
Project("{FAE04EC0-301F-11D3-BF4B-00C04F79EFBC}") = "ProductCatalogService", "ProductCatalogService\ProductCatalogService.API\ProductCatalogService.csproj", "{02B725CF-5712-4932-A359-613DAE1D23D9}"
EndProject
Global
	GlobalSection(SolutionConfigurationPlatforms) = preSolution
		Debug|Any CPU = Debug|Any CPU
		Debug|x64 = Debug|x64
		Debug|x86 = Debug|x86
		Release|Any CPU = Release|Any CPU
		Release|x64 = Release|x64
		Release|x86 = Release|x86
	EndGlobalSection
	GlobalSection(ProjectConfigurationPlatforms) = postSolution
		{CAF74B9C-F5E1-42A7-93D3-3B544D95D05F}.Debug|Any CPU.ActiveCfg = Debug|Any CPU
		{CAF74B9C-F5E1-42A7-93D3-3B544D95D05F}.Debug|Any CPU.Build.0 = Debug|Any CPU
		{CAF74B9C-F5E1-42A7-93D3-3B544D95D05F}.Debug|x64.ActiveCfg = Debug|Any CPU
		{CAF74B9C-F5E1-42A7-93D3-3B544D95D05F}.Debug|x64.Build.0 = Debug|Any CPU
		{CAF74B9C-F5E1-42A7-93D3-3B544D95D05F}.Debug|x86.ActiveCfg = Debug|Any CPU
		{CAF74B9C-F5E1-42A7-93D3-3B544D95D05F}.Debug|x86.Build.0 = Debug|Any CPU
		{CAF74B9C-F5E1-42A7-93D3-3B544D95D05F}.Release|Any CPU.ActiveCfg = Release|Any CPU
		{CAF74B9C-F5E1-42A7-93D3-3B544D95D05F}.Release|Any CPU.Build.0 = Release|Any CPU
		{CAF74B9C-F5E1-42A7-93D3-3B544D95D05F}.Release|x64.ActiveCfg = Release|Any CPU
		{CAF74B9C-F5E1-42A7-93D3-3B544D95D05F}.Release|x64.Build.0 = Release|Any CPU
		{CAF74B9C-F5E1-42A7-93D3-3B544D95D05F}.Release|x86.ActiveCfg = Release|Any CPU
		{CAF74B9C-F5E1-42A7-93D3-3B544D95D05F}.Release|x86.Build.0 = Release|Any CPU
		{70E95F50-A64B-4AE4-91DE-3DC62BD94864}.Debug|Any CPU.ActiveCfg = Debug|Any CPU
		{70E95F50-A64B-4AE4-91DE-3DC62BD94864}.Debug|Any CPU.Build.0 = Debug|Any CPU
		{70E95F50-A64B-4AE4-91DE-3DC62BD94864}.Debug|x64.ActiveCfg = Debug|Any CPU
		{70E95F50-A64B-4AE4-91DE-3DC62BD94864}.Debug|x64.Build.0 = Debug|Any CPU
		{70E95F50-A64B-4AE4-91DE-3DC62BD94864}.Debug|x86.ActiveCfg = Debug|Any CPU
		{70E95F50-A64B-4AE4-91DE-3DC62BD94864}.Debug|x86.Build.0 = Debug|Any CPU
		{70E95F50-A64B-4AE4-91DE-3DC62BD94864}.Release|Any CPU.ActiveCfg = Release|Any CPU
		{70E95F50-A64B-4AE4-91DE-3DC62BD94864}.Release|Any CPU.Build.0 = Release|Any CPU
		{70E95F50-A64B-4AE4-91DE-3DC62BD94864}.Release|x64.ActiveCfg = Release|Any CPU
		{70E95F50-A64B-4AE4-91DE-3DC62BD94864}.Release|x64.Build.0 = Release|Any CPU
		{70E95F50-A64B-4AE4-91DE-3DC62BD94864}.Release|x86.ActiveCfg = Release|Any CPU
		{70E95F50-A64B-4AE4-91DE-3DC62BD94864}.Release|x86.Build.0 = Release|Any CPU
		{A88B8F6A-B093-45D1-BBC7-B8EE705990DB}.Debug|Any CPU.ActiveCfg = Debug|Any CPU
		{A88B8F6A-B093-45D1-BBC7-B8EE705990DB}.Debug|Any CPU.Build.0 = Debug|Any CPU
		{A88B8F6A-B093-45D1-BBC7-B8EE705990DB}.Debug|x64.ActiveCfg = Debug|Any CPU
		{A88B8F6A-B093-45D1-BBC7-B8EE705990DB}.Debug|x64.Build.0 = Debug|Any CPU
		{A88B8F6A-B093-45D1-BBC7-B8EE705990DB}.Debug|x86.ActiveCfg = Debug|Any CPU
		{A88B8F6A-B093-45D1-BBC7-B8EE705990DB}.Debug|x86.Build.0 = Debug|Any CPU
		{A88B8F6A-B093-45D1-BBC7-B8EE705990DB}.Release|Any CPU.ActiveCfg = Release|Any CPU
		{A88B8F6A-B093-45D1-BBC7-B8EE705990DB}.Release|Any CPU.Build.0 = Release|Any CPU
		{A88B8F6A-B093-45D1-BBC7-B8EE705990DB}.Release|x64.ActiveCfg = Release|Any CPU
		{A88B8F6A-B093-45D1-BBC7-B8EE705990DB}.Release|x64.Build.0 = Release|Any CPU
		{A88B8F6A-B093-45D1-BBC7-B8EE705990DB}.Release|x86.ActiveCfg = Release|Any CPU
		{A88B8F6A-B093-45D1-BBC7-B8EE705990DB}.Release|x86.Build.0 = Release|Any CPU
		{7C1D23CC-2542-41D5-B8AA-9519DF1EDF1E}.Debug|Any CPU.ActiveCfg = Debug|Any CPU
		{7C1D23CC-2542-41D5-B8AA-9519DF1EDF1E}.Debug|Any CPU.Build.0 = Debug|Any CPU
		{7C1D23CC-2542-41D5-B8AA-9519DF1EDF1E}.Debug|x64.ActiveCfg = Debug|Any CPU
		{7C1D23CC-2542-41D5-B8AA-9519DF1EDF1E}.Debug|x64.Build.0 = Debug|Any CPU
		{7C1D23CC-2542-41D5-B8AA-9519DF1EDF1E}.Debug|x86.ActiveCfg = Debug|Any CPU
		{7C1D23CC-2542-41D5-B8AA-9519DF1EDF1E}.Debug|x86.Build.0 = Debug|Any CPU
		{7C1D23CC-2542-41D5-B8AA-9519DF1EDF1E}.Release|Any CPU.ActiveCfg = Release|Any CPU
		{7C1D23CC-2542-41D5-B8AA-9519DF1EDF1E}.Release|Any CPU.Build.0 = Release|Any CPU
		{7C1D23CC-2542-41D5-B8AA-9519DF1EDF1E}.Release|x64.ActiveCfg = Release|Any CPU
		{7C1D23CC-2542-41D5-B8AA-9519DF1EDF1E}.Release|x64.Build.0 = Release|Any CPU
		{7C1D23CC-2542-41D5-B8AA-9519DF1EDF1E}.Release|x86.ActiveCfg = Release|Any CPU
		{7C1D23CC-2542-41D5-B8AA-9519DF1EDF1E}.Release|x86.Build.0 = Release|Any CPU
		{72B6E6F2-C104-41CE-814B-A7547CFD32F4}.Debug|Any CPU.ActiveCfg = Debug|Any CPU
		{72B6E6F2-C104-41CE-814B-A7547CFD32F4}.Debug|Any CPU.Build.0 = Debug|Any CPU
		{72B6E6F2-C104-41CE-814B-A7547CFD32F4}.Debug|x64.ActiveCfg = Debug|Any CPU
		{72B6E6F2-C104-41CE-814B-A7547CFD32F4}.Debug|x64.Build.0 = Debug|Any CPU
		{72B6E6F2-C104-41CE-814B-A7547CFD32F4}.Debug|x86.ActiveCfg = Debug|Any CPU
		{72B6E6F2-C104-41CE-814B-A7547CFD32F4}.Debug|x86.Build.0 = Debug|Any CPU
		{72B6E6F2-C104-41CE-814B-A7547CFD32F4}.Release|Any CPU.ActiveCfg = Release|Any CPU
		{72B6E6F2-C104-41CE-814B-A7547CFD32F4}.Release|Any CPU.Build.0 = Release|Any CPU
		{72B6E6F2-C104-41CE-814B-A7547CFD32F4}.Release|x64.ActiveCfg = Release|Any CPU
		{72B6E6F2-C104-41CE-814B-A7547CFD32F4}.Release|x64.Build.0 = Release|Any CPU
		{72B6E6F2-C104-41CE-814B-A7547CFD32F4}.Release|x86.ActiveCfg = Release|Any CPU
		{72B6E6F2-C104-41CE-814B-A7547CFD32F4}.Release|x86.Build.0 = Release|Any CPU
		{7B18FB6F-0D96-4B9B-9044-3E8749A7F3C5}.Debug|Any CPU.ActiveCfg = Debug|Any CPU
		{7B18FB6F-0D96-4B9B-9044-3E8749A7F3C5}.Debug|Any CPU.Build.0 = Debug|Any CPU
		{7B18FB6F-0D96-4B9B-9044-3E8749A7F3C5}.Debug|x64.ActiveCfg = Debug|Any CPU
		{7B18FB6F-0D96-4B9B-9044-3E8749A7F3C5}.Debug|x64.Build.0 = Debug|Any CPU
		{7B18FB6F-0D96-4B9B-9044-3E8749A7F3C5}.Debug|x86.ActiveCfg = Debug|Any CPU
		{7B18FB6F-0D96-4B9B-9044-3E8749A7F3C5}.Debug|x86.Build.0 = Debug|Any CPU
		{7B18FB6F-0D96-4B9B-9044-3E8749A7F3C5}.Release|Any CPU.ActiveCfg = Release|Any CPU
		{7B18FB6F-0D96-4B9B-9044-3E8749A7F3C5}.Release|Any CPU.Build.0 = Release|Any CPU
		{7B18FB6F-0D96-4B9B-9044-3E8749A7F3C5}.Release|x64.ActiveCfg = Release|Any CPU
		{7B18FB6F-0D96-4B9B-9044-3E8749A7F3C5}.Release|x64.Build.0 = Release|Any CPU
		{7B18FB6F-0D96-4B9B-9044-3E8749A7F3C5}.Release|x86.ActiveCfg = Release|Any CPU
		{7B18FB6F-0D96-4B9B-9044-3E8749A7F3C5}.Release|x86.Build.0 = Release|Any CPU
		{B019B64B-E004-420C-A6A0-8E59ED8D2A4C}.Debug|Any CPU.ActiveCfg = Debug|Any CPU
		{B019B64B-E004-420C-A6A0-8E59ED8D2A4C}.Debug|Any CPU.Build.0 = Debug|Any CPU
		{B019B64B-E004-420C-A6A0-8E59ED8D2A4C}.Debug|x64.ActiveCfg = Debug|Any CPU
		{B019B64B-E004-420C-A6A0-8E59ED8D2A4C}.Debug|x64.Build.0 = Debug|Any CPU
		{B019B64B-E004-420C-A6A0-8E59ED8D2A4C}.Debug|x86.ActiveCfg = Debug|Any CPU
		{B019B64B-E004-420C-A6A0-8E59ED8D2A4C}.Debug|x86.Build.0 = Debug|Any CPU
		{B019B64B-E004-420C-A6A0-8E59ED8D2A4C}.Release|Any CPU.ActiveCfg = Release|Any CPU
		{B019B64B-E004-420C-A6A0-8E59ED8D2A4C}.Release|Any CPU.Build.0 = Release|Any CPU
		{B019B64B-E004-420C-A6A0-8E59ED8D2A4C}.Release|x64.ActiveCfg = Release|Any CPU
		{B019B64B-E004-420C-A6A0-8E59ED8D2A4C}.Release|x64.Build.0 = Release|Any CPU
		{B019B64B-E004-420C-A6A0-8E59ED8D2A4C}.Release|x86.ActiveCfg = Release|Any CPU
		{B019B64B-E004-420C-A6A0-8E59ED8D2A4C}.Release|x86.Build.0 = Release|Any CPU
		{621EAC92-DEAD-4418-B5C0-B2A12C3C4D59}.Debug|Any CPU.ActiveCfg = Debug|Any CPU
		{621EAC92-DEAD-4418-B5C0-B2A12C3C4D59}.Debug|Any CPU.Build.0 = Debug|Any CPU
		{621EAC92-DEAD-4418-B5C0-B2A12C3C4D59}.Debug|x64.ActiveCfg = Debug|Any CPU
		{621EAC92-DEAD-4418-B5C0-B2A12C3C4D59}.Debug|x64.Build.0 = Debug|Any CPU
		{621EAC92-DEAD-4418-B5C0-B2A12C3C4D59}.Debug|x86.ActiveCfg = Debug|Any CPU
		{621EAC92-DEAD-4418-B5C0-B2A12C3C4D59}.Debug|x86.Build.0 = Debug|Any CPU
		{621EAC92-DEAD-4418-B5C0-B2A12C3C4D59}.Release|Any CPU.ActiveCfg = Release|Any CPU
		{621EAC92-DEAD-4418-B5C0-B2A12C3C4D59}.Release|Any CPU.Build.0 = Release|Any CPU
		{621EAC92-DEAD-4418-B5C0-B2A12C3C4D59}.Release|x64.ActiveCfg = Release|Any CPU
		{621EAC92-DEAD-4418-B5C0-B2A12C3C4D59}.Release|x64.Build.0 = Release|Any CPU
		{621EAC92-DEAD-4418-B5C0-B2A12C3C4D59}.Release|x86.ActiveCfg = Release|Any CPU
		{621EAC92-DEAD-4418-B5C0-B2A12C3C4D59}.Release|x86.Build.0 = Release|Any CPU
		{9813ECDA-801A-426E-B915-70621199A34B}.Debug|Any CPU.ActiveCfg = Debug|Any CPU
		{9813ECDA-801A-426E-B915-70621199A34B}.Debug|Any CPU.Build.0 = Debug|Any CPU
		{9813ECDA-801A-426E-B915-70621199A34B}.Debug|x64.ActiveCfg = Debug|Any CPU
		{9813ECDA-801A-426E-B915-70621199A34B}.Debug|x64.Build.0 = Debug|Any CPU
		{9813ECDA-801A-426E-B915-70621199A34B}.Debug|x86.ActiveCfg = Debug|Any CPU
		{9813ECDA-801A-426E-B915-70621199A34B}.Debug|x86.Build.0 = Debug|Any CPU
		{9813ECDA-801A-426E-B915-70621199A34B}.Release|Any CPU.ActiveCfg = Release|Any CPU
		{9813ECDA-801A-426E-B915-70621199A34B}.Release|Any CPU.Build.0 = Release|Any CPU
		{9813ECDA-801A-426E-B915-70621199A34B}.Release|x64.ActiveCfg = Release|Any CPU
		{9813ECDA-801A-426E-B915-70621199A34B}.Release|x64.Build.0 = Release|Any CPU
		{9813ECDA-801A-426E-B915-70621199A34B}.Release|x86.ActiveCfg = Release|Any CPU
		{9813ECDA-801A-426E-B915-70621199A34B}.Release|x86.Build.0 = Release|Any CPU
		{A0071D64-A4C7-456B-A0C4-B5B39A8ED6EA}.Debug|Any CPU.ActiveCfg = Debug|Any CPU
		{A0071D64-A4C7-456B-A0C4-B5B39A8ED6EA}.Debug|Any CPU.Build.0 = Debug|Any CPU
		{A0071D64-A4C7-456B-A0C4-B5B39A8ED6EA}.Debug|x64.ActiveCfg = Debug|Any CPU
		{A0071D64-A4C7-456B-A0C4-B5B39A8ED6EA}.Debug|x64.Build.0 = Debug|Any CPU
		{A0071D64-A4C7-456B-A0C4-B5B39A8ED6EA}.Debug|x86.ActiveCfg = Debug|Any CPU
		{A0071D64-A4C7-456B-A0C4-B5B39A8ED6EA}.Debug|x86.Build.0 = Debug|Any CPU
		{A0071D64-A4C7-456B-A0C4-B5B39A8ED6EA}.Release|Any CPU.ActiveCfg = Release|Any CPU
		{A0071D64-A4C7-456B-A0C4-B5B39A8ED6EA}.Release|Any CPU.Build.0 = Release|Any CPU
		{A0071D64-A4C7-456B-A0C4-B5B39A8ED6EA}.Release|x64.ActiveCfg = Release|Any CPU
		{A0071D64-A4C7-456B-A0C4-B5B39A8ED6EA}.Release|x64.Build.0 = Release|Any CPU
		{A0071D64-A4C7-456B-A0C4-B5B39A8ED6EA}.Release|x86.ActiveCfg = Release|Any CPU
		{A0071D64-A4C7-456B-A0C4-B5B39A8ED6EA}.Release|x86.Build.0 = Release|Any CPU
		{02B725CF-5712-4932-A359-613DAE1D23D9}.Debug|Any CPU.ActiveCfg = Debug|Any CPU
		{02B725CF-5712-4932-A359-613DAE1D23D9}.Debug|Any CPU.Build.0 = Debug|Any CPU
		{02B725CF-5712-4932-A359-613DAE1D23D9}.Debug|x64.ActiveCfg = Debug|Any CPU
		{02B725CF-5712-4932-A359-613DAE1D23D9}.Debug|x64.Build.0 = Debug|Any CPU
		{02B725CF-5712-4932-A359-613DAE1D23D9}.Debug|x86.ActiveCfg = Debug|Any CPU
		{02B725CF-5712-4932-A359-613DAE1D23D9}.Debug|x86.Build.0 = Debug|Any CPU
		{02B725CF-5712-4932-A359-613DAE1D23D9}.Release|Any CPU.ActiveCfg = Release|Any CPU
		{02B725CF-5712-4932-A359-613DAE1D23D9}.Release|Any CPU.Build.0 = Release|Any CPU
		{02B725CF-5712-4932-A359-613DAE1D23D9}.Release|x64.ActiveCfg = Release|Any CPU
		{02B725CF-5712-4932-A359-613DAE1D23D9}.Release|x64.Build.0 = Release|Any CPU
		{02B725CF-5712-4932-A359-613DAE1D23D9}.Release|x86.ActiveCfg = Release|Any CPU
		{02B725CF-5712-4932-A359-613DAE1D23D9}.Release|x86.Build.0 = Release|Any CPU
	EndGlobalSection
	GlobalSection(SolutionProperties) = preSolution
		HideSolutionNode = FALSE
	EndGlobalSection
	GlobalSection(NestedProjects) = preSolution
		{CAF74B9C-F5E1-42A7-93D3-3B544D95D05F} = {0BAE62A9-2200-0262-2CB5-8EE825167370}
		{A88B8F6A-B093-45D1-BBC7-B8EE705990DB} = {5EE6A34B-ABCE-F053-FF93-EF8CEAB363F7}
		{7C1D23CC-2542-41D5-B8AA-9519DF1EDF1E} = {1CDB8257-D98E-AF38-204D-5645D4EEB404}
		{72B6E6F2-C104-41CE-814B-A7547CFD32F4} = {BB3827F1-F3A2-E5D7-C0A8-E90CBCD5CE04}
		{7B18FB6F-0D96-4B9B-9044-3E8749A7F3C5} = {C0127DB6-3CA8-EE98-7726-A4993E48C5D4}
		{B019B64B-E004-420C-A6A0-8E59ED8D2A4C} = {25D181DD-5CC9-F0B3-C64F-91E1AA77FD70}
		{621EAC92-DEAD-4418-B5C0-B2A12C3C4D59} = {6EC19D42-30DF-BF42-4A6B-7798F4C410A0}
		{9813ECDA-801A-426E-B915-70621199A34B} = {6EC19D42-30DF-BF42-4A6B-7798F4C410A0}
		{A0071D64-A4C7-456B-A0C4-B5B39A8ED6EA} = {6EC19D42-30DF-BF42-4A6B-7798F4C410A0}
		{2A49296E-8BA9-8E5C-E8DC-8659A062E98C} = {6EC19D42-30DF-BF42-4A6B-7798F4C410A0}
		{02B725CF-5712-4932-A359-613DAE1D23D9} = {2A49296E-8BA9-8E5C-E8DC-8659A062E98C}
	EndGlobalSection
EndGlobal
